
Microsoft Visual Studio Solution File, Format Version 12.00
# Visual Studio Version 17
VisualStudioVersion = 17.1.32421.90
MinimumVisualStudioVersion = 10.0.40219.1
Project("{FAE04EC0-301F-11D3-BF4B-00C04F79EFBC}") = "CadastroDespesas", "CadastroDespesas\CadastroDespesas.csproj", "{0810D3DB-12A2-4B3E-A546-6F870CF5977E}"
EndProject
Global
	GlobalSection(SolutionConfigurationPlatforms) = preSolution
		Debug|Any CPU = Debug|Any CPU
		Release|Any CPU = Release|Any CPU
	EndGlobalSection
	GlobalSection(ProjectConfigurationPlatforms) = postSolution
		{0810D3DB-12A2-4B3E-A546-6F870CF5977E}.Debug|Any CPU.ActiveCfg = Debug|Any CPU
		{0810D3DB-12A2-4B3E-A546-6F870CF5977E}.Debug|Any CPU.Build.0 = Debug|Any CPU
		{0810D3DB-12A2-4B3E-A546-6F870CF5977E}.Release|Any CPU.ActiveCfg = Release|Any CPU
		{0810D3DB-12A2-4B3E-A546-6F870CF5977E}.Release|Any CPU.Build.0 = Release|Any CPU
	EndGlobalSection
	GlobalSection(SolutionProperties) = preSolution
		HideSolutionNode = FALSE
	EndGlobalSection
	GlobalSection(ExtensibilityGlobals) = postSolution
		SolutionGuid = {ABE7759C-14D3-41CD-B52A-80962260359D}
	EndGlobalSection
EndGlobal
